
Microsoft Visual Studio Solution File, Format Version 12.00
# Visual Studio Version 16
VisualStudioVersion = 16.0.30001.183
MinimumVisualStudioVersion = 10.0.40219.1
Project("{FAE04EC0-301F-11D3-BF4B-00C04F79EFBC}") = "LatinoNETOnline.TokenRefresher.Web", "LatinoNETOnline.TokenRefresher.Web\LatinoNETOnline.TokenRefresher.Web.csproj", "{2C31C9FA-D351-4C28-BAFB-171A74BD3A95}"
EndProject
Global
	GlobalSection(SolutionConfigurationPlatforms) = preSolution
		Debug|Any CPU = Debug|Any CPU
		Release|Any CPU = Release|Any CPU
	EndGlobalSection
	GlobalSection(ProjectConfigurationPlatforms) = postSolution
		{2C31C9FA-D351-4C28-BAFB-171A74BD3A95}.Debug|Any CPU.ActiveCfg = Debug|Any CPU
		{2C31C9FA-D351-4C28-BAFB-171A74BD3A95}.Debug|Any CPU.Build.0 = Debug|Any CPU
		{2C31C9FA-D351-4C28-BAFB-171A74BD3A95}.Release|Any CPU.ActiveCfg = Release|Any CPU
		{2C31C9FA-D351-4C28-BAFB-171A74BD3A95}.Release|Any CPU.Build.0 = Release|Any CPU
	EndGlobalSection
	GlobalSection(SolutionProperties) = preSolution
		HideSolutionNode = FALSE
	EndGlobalSection
	GlobalSection(ExtensibilityGlobals) = postSolution
		SolutionGuid = {DADE7456-3D67-4CAF-BD2D-B91FF1E88E1D}
	EndGlobalSection
EndGlobal
